<?xml version="1.0" encoding="utf-8"?>
<Project ToolsVersion="4.0" xmlns="http://schemas.microsoft.com/developer/msbuild/2003">
  <ItemGroup>
    <Filter Include="Исходные файлы">
      <UniqueIdentifier>{4FC737F1-C7A5-4376-A066-2A32D752A2FF}</UniqueIdentifier>
      <Extensions>cpp;c;cc;cxx;c++;cppm;ixx;def;odl;idl;hpj;bat;asm;asmx</Extensions>
    </Filter>
    <Filter Include="Файлы заголовков">
      <UniqueIdentifier>{93995380-89BD-4b04-88EB-625FBE52EBFB}</UniqueIdentifier>
      <Extensions>h;hh;hpp;hxx;h++;hm;inl;inc;ipp;xsd</Extensions>
    </Filter>
    <Filter Include="Файлы ресурсов">
      <UniqueIdentifier>{67DA6AB6-F800-4c08-8B7A-83BB121AAD01}</UniqueIdentifier>
      <Extensions>rc;ico;cur;bmp;dlg;rc2;rct;bin;rgs;gif;jpg;jpeg;jpe;resx;tiff;tif;png;wav;mfcribbon-ms</Extensions>
    </Filter>
    <Filter Include="common">
      <UniqueIdentifier>{e7d8e903-70c9-451e-8d43-546f76577025}</UniqueIdentifier>
    </Filter>
    <Filter Include="spider">
      <UniqueIdentifier>{04808c17-e0d6-4d61-b02e-9982766dae26}</UniqueIdentifier>
    </Filter>
    <Filter Include="search">
      <UniqueIdentifier>{9b89ccc0-9330-441f-8fb3-feadecee5eb9}</UniqueIdentifier>
    </Filter>
  </ItemGroup>
  <ItemGroup>
    <ClCompile Include="SearchEngine.cpp">
      <Filter>Исходные файлы</Filter>
    </ClCompile>
    <ClCompile Include="common\Configuration.cpp">
      <Filter>common</Filter>
    </ClCompile>
    <ClCompile Include="common\DatabaseManager.cpp">
      <Filter>common</Filter>
    </ClCompile>
    <ClCompile Include="common\Indexer.cpp">
      <Filter>common</Filter>
    </ClCompile>
    <ClCompile Include="spider\HttpClient.cpp">
      <Filter>spider</Filter>
    </ClCompile>
    <ClCompile Include="spider\Spider.cpp">
      <Filter>spider</Filter>
    </ClCompile>
    <ClCompile Include="search\Search.cpp">
      <Filter>search</Filter>
    </ClCompile>
  </ItemGroup>
  <ItemGroup>
    <ClInclude Include="common\Configuration.h">
      <Filter>common</Filter>
    </ClInclude>
    <ClInclude Include="common\DatabaseManager.h">
      <Filter>common</Filter>
    </ClInclude>
    <ClInclude Include="common\Indexer.h">
      <Filter>common</Filter>
    </ClInclude>
    <ClInclude Include="spider\HttpClient.h">
      <Filter>spider</Filter>
    </ClInclude>
    <ClInclude Include="spider\Spider.h">
      <Filter>spider</Filter>
    </ClInclude>
    <ClInclude Include="search\Search.h">
      <Filter>search</Filter>
    </ClInclude>
  </ItemGroup>
</Project>